PODS:
  - AparajitaCapacitorBiometricAuth (8.0.2):
    - Capacitor
  - Capacitor (6.2.1):
    - CapacitorCordova
  - CapacitorApp (6.0.3):
    - Capacitor
  - CapacitorCordova (6.2.1)
  - CapacitorHaptics (6.0.3):
    - Capacitor
  - CapacitorPushNotifications (6.0.5):
    - Capacitor
  - CapacitorSplashScreen (6.0.4):
    - Capacitor
  - CapacitorStatusBar (6.0.3):
    - Capacitor

DEPENDENCIES:
  - "AparajitaCapacitorBiometricAuth (from `../../node_modules/@aparajita/capacitor-biometric-auth`)"
  - "Capacitor (from `../../node_modules/@capacitor/ios`)"
  - "CapacitorApp (from `../../node_modules/@capacitor/app`)"
  - "CapacitorCordova (from `../../node_modules/@capacitor/ios`)"
  - "CapacitorHaptics (from `../../node_modules/@capacitor/haptics`)"
  - "CapacitorPushNotifications (from `../../node_modules/@capacitor/push-notifications`)"
  - "CapacitorSplashScreen (from `../../node_modules/@capacitor/splash-screen`)"
  - "CapacitorStatusBar (from `../../node_modules/@capacitor/status-bar`)"

EXTERNAL SOURCES:
  AparajitaCapacitorBiometricAuth:
    :path: "../../node_modules/@aparajita/capacitor-biometric-auth"
  Capacitor:
    :path: "../../node_modules/@capacitor/ios"
  CapacitorApp:
    :path: "../../node_modules/@capacitor/app"
  CapacitorCordova:
    :path: "../../node_modules/@capacitor/ios"
  CapacitorHaptics:
    :path: "../../node_modules/@capacitor/haptics"
  CapacitorPushNotifications:
    :path: "../../node_modules/@capacitor/push-notifications"
  CapacitorSplashScreen:
    :path: "../../node_modules/@capacitor/splash-screen"
  CapacitorStatusBar:
    :path: "../../node_modules/@capacitor/status-bar"

SPEC CHECKSUMS:
  AparajitaCapacitorBiometricAuth: c058563fe00160e12b022341e11b3181357ea93a
  Capacitor: c95400d761e376be9da6be5a05f226c0e865cebf
  CapacitorApp: a19ccb4f5f32d2534be5c6f524d5a9b614a1e8a7
  CapacitorCordova: 8d93e14982f440181be7304aa9559ca631d77fff
  CapacitorHaptics: 40f83026feeee9cfe36e89e9c98a3baaaf20c450
  CapacitorPushNotifications: 35abece14371c57172e8321c9ccc8b6fa35fabfe
  CapacitorSplashScreen: ef140a8b1ea7244e0c245ce2dd4ce5251e7ab86a
  CapacitorStatusBar: 149cde8f1328ec3aa6cbdd872a55137ae3f98b16

PODFILE CHECKSUM: 8cc42d834f01e6c5a853252b901d839480eb83a5

COCOAPODS: 1.16.2
